<?xml version="1.0" encoding="UTF-8" standalone="yes" ?>
<CodeBlocks_project_file>
	<FileVersion major="1" minor="6" />
	<Project>
		<Option title="MyPsf" />
		<Option pch_mode="2" />
		<Option compiler="gcc" />
		<Build>
			<Target title="Debug">
				<Option output=".\hzpsf" prefix_auto="1" extension_auto="1" />
				<Option object_output="obj\Debug\" />
				<Option type="1" />
				<Option compiler="gcc" />
				<Compiler>
					<Add option="-g" />
				</Compiler>
				<Linker>
					<Add library="boost_program_options-mgw34-mt" />
				</Linker>
			</Target>
			<Target title="Release">
				<Option output=".\hzpsf" prefix_auto="1" extension_auto="1" />
				<Option object_output="obj\Release\" />
				<Option type="1" />
				<Option compiler="gcc" />
				<Compiler>
					<Add option="-O2" />
				</Compiler>
				<Linker>
					<Add option="-s" />
					<Add option="-static" />
					<Add library="C:\MinGW\boost_1_36_0\lib\libboost_program_options-mgw34-mt.lib" />
				</Linker>
			</Target>
		</Build>
		<Compiler>
			<Add option="-Wall" />
			<Add option="-fexceptions" />
			<Add option="-I$(boost)\include" />
			<Add directory="$(#boost)" />
		</Compiler>
		<Linker>
			<Add directory="$(#boost)\lib" />
		</Linker>
		<Unit filename="fontbase.cpp" />
		<Unit filename="fontbase.h" />
		<Unit filename="main.cpp" />
		<Unit filename="psfont.cpp" />
		<Unit filename="psfont.h" />
		<Unit filename="rawfont.cpp" />
		<Unit filename="rawfont.h" />
		<Unit filename="rawhzfont.cpp" />
		<Unit filename="rawhzfont.h" />
		<Unit filename="version.h" />
		<Extensions>
			<code_completion />
			<envvars />
			<debugger />
			<AutoVersioning>
				<Scheme minor_max="10" build_max="0" rev_max="0" rev_rand_max="10" build_times_to_increment_minor="100" />
				<Settings autoincrement="1" date_declarations="1" do_auto_increment="0" ask_to_increment="0" language="C++" svn="0" svn_directory="" header_path="version.h" />
				<Changes_Log show_changes_editor="0" app_title="released version %M.%m.%b of %p" changeslog_path="ChangesLog.txt" />
			</AutoVersioning>
		</Extensions>
	</Project>
</CodeBlocks_project_file>
